
Microsoft Visual Studio Solution File, Format Version 12.00
# Visual Studio Version 16
VisualStudioVersion = 16.0.33027.164
MinimumVisualStudioVersion = 10.0.40219.1
Project("{FAE04EC0-301F-11D3-BF4B-00C04F79EFBC}") = "Web_DienMayXanh", "Web_DienMayXanh\Web_DienMayXanh.csproj", "{428B3EA6-F436-4A7D-8C10-CC2FD4B9A62A}"
EndProject
Global
	GlobalSection(SolutionConfigurationPlatforms) = preSolution
		Debug|Any CPU = Debug|Any CPU
		Release|Any CPU = Release|Any CPU
	EndGlobalSection
	GlobalSection(ProjectConfigurationPlatforms) = postSolution
		{428B3EA6-F436-4A7D-8C10-CC2FD4B9A62A}.Debug|Any CPU.ActiveCfg = Debug|Any CPU
		{428B3EA6-F436-4A7D-8C10-CC2FD4B9A62A}.Debug|Any CPU.Build.0 = Debug|Any CPU
		{428B3EA6-F436-4A7D-8C10-CC2FD4B9A62A}.Release|Any CPU.ActiveCfg = Release|Any CPU
		{428B3EA6-F436-4A7D-8C10-CC2FD4B9A62A}.Release|Any CPU.Build.0 = Release|Any CPU
	EndGlobalSection
	GlobalSection(SolutionProperties) = preSolution
		HideSolutionNode = FALSE
	EndGlobalSection
	GlobalSection(ExtensibilityGlobals) = postSolution
		SolutionGuid = {CDE360A4-A575-483E-B3D8-382303D69C8E}
	EndGlobalSection
EndGlobal
